<?xml version="1.0" encoding="utf-8"?>
<Project ToolsVersion="4.0" xmlns="http://schemas.microsoft.com/developer/msbuild/2003">
  <ItemGroup>
    <ClCompile Include="Level.cpp">
      <Filter>Scripts</Filter>
    </ClCompile>
    <ClCompile Include="LevelManager.cpp">
      <Filter>Scripts</Filter>
    </ClCompile>
    <ClCompile Include="main.cpp">
      <Filter>Scripts</Filter>
    </ClCompile>
    <ClCompile Include="Player.cpp">
      <Filter>Scripts</Filter>
    </ClCompile>
    <ClCompile Include="PuntuationManager.cpp">
      <Filter>Scripts</Filter>
    </ClCompile>
    <ClCompile Include="TextUI.cpp">
      <Filter>Scripts</Filter>
    </ClCompile>
    <ClCompile Include="Entity.cpp">
      <Filter>Scripts\BasicClasses</Filter>
    </ClCompile>
    <ClCompile Include="VisualEntity.cpp">
      <Filter>Scripts\BasicClasses</Filter>
    </ClCompile>
    <ClCompile Include="TextureRenderer.cpp">
      <Filter>Scripts\BasicClasses</Filter>
    </ClCompile>
    <ClCompile Include="PuntuationHolder.cpp">
      <Filter>Scripts\BasicClasses</Filter>
    </ClCompile>
    <ClCompile Include="SystemCalls.cpp">
      <Filter>Scripts\BasicClasses</Filter>
    </ClCompile>
    <ClCompile Include="GameManager.cpp" />
  </ItemGroup>
  <ItemGroup>
    <ClInclude Include="Level.hpp">
      <Filter>Scripts</Filter>
    </ClInclude>
    <ClInclude Include="LevelManager.hpp">
      <Filter>Scripts</Filter>
    </ClInclude>
    <ClInclude Include="Player.hpp">
      <Filter>Scripts</Filter>
    </ClInclude>
    <ClInclude Include="PuntuationManager.hpp">
      <Filter>Scripts</Filter>
    </ClInclude>
    <ClInclude Include="TextUI.hpp">
      <Filter>Scripts</Filter>
    </ClInclude>
    <ClInclude Include="libraries\raylib\include\raylib.h">
      <Filter>RayLib</Filter>
    </ClInclude>
    <ClInclude Include="libraries\raylib\include\rlgl.h">
      <Filter>RayLib</Filter>
    </ClInclude>
    <ClInclude Include="libraries\raylib\include\raymath.h">
      <Filter>RayLib</Filter>
    </ClInclude>
    <ClInclude Include="Entity.hpp">
      <Filter>Scripts\BasicClasses</Filter>
    </ClInclude>
    <ClInclude Include="VisualEntity.hpp">
      <Filter>Scripts\BasicClasses</Filter>
    </ClInclude>
    <ClInclude Include="TextureRenderer.hpp">
      <Filter>Scripts\BasicClasses</Filter>
    </ClInclude>
    <ClInclude Include="PuntuationHolder.hpp">
      <Filter>Scripts\BasicClasses</Filter>
    </ClInclude>
    <ClInclude Include="SystemCalls.hpp">
      <Filter>Scripts\BasicClasses</Filter>
    </ClInclude>
    <ClInclude Include="GameManager.hpp" />
  </ItemGroup>
  <ItemGroup>
    <Filter Include="Scripts">
      <UniqueIdentifier>{04011948-0595-4d73-ae98-6adf731f778a}</UniqueIdentifier>
    </Filter>
    <Filter Include="RayLib">
      <UniqueIdentifier>{a80f7bc5-74c6-461a-aa09-d14392996b22}</UniqueIdentifier>
    </Filter>
    <Filter Include="Scripts\BasicClasses">
      <UniqueIdentifier>{c65bbdbc-323a-458d-a9f2-7dc9b7112317}</UniqueIdentifier>
    </Filter>
  </ItemGroup>
</Project>