<?xml version="1.0" encoding="utf-8"?>
<Project ToolsVersion="4.0" xmlns="http://schemas.microsoft.com/developer/msbuild/2003">
  <ItemGroup>
    <ClInclude Include="libraries\raylib\include\raylib.h">
      <Filter>RayLib</Filter>
    </ClInclude>
    <ClInclude Include="libraries\raylib\include\rlgl.h">
      <Filter>RayLib</Filter>
    </ClInclude>
    <ClInclude Include="libraries\raylib\include\raymath.h">
      <Filter>RayLib</Filter>
    </ClInclude>
    <ClInclude Include="TilemapConfiguration.h">
      <Filter>Scripts\Configurations</Filter>
    </ClInclude>
    <ClInclude Include="GameConfiguration.h">
      <Filter>Scripts\Configurations</Filter>
    </ClInclude>
    <ClInclude Include="MemLeaks.h">
      <Filter>Scripts\Analysis</Filter>
    </ClInclude>
    <ClInclude Include="Entity.hpp">
      <Filter>Scripts\Basic</Filter>
    </ClInclude>
    <ClInclude Include="GameController.hpp">
      <Filter>Scripts</Filter>
    </ClInclude>
    <ClInclude Include="Renderer.hpp">
      <Filter>Scripts\Basic</Filter>
    </ClInclude>
    <ClInclude Include="TextureRenderer.hpp">
      <Filter>Scripts\Basic</Filter>
    </ClInclude>
    <ClInclude Include="TextureManager.hpp">
      <Filter>Scripts\Managers</Filter>
    </ClInclude>
    <ClInclude Include="AudioManager.hpp">
      <Filter>Scripts\Managers</Filter>
    </ClInclude>
    <ClInclude Include="Player.hpp">
      <Filter>Scripts</Filter>
    </ClInclude>
    <ClInclude Include="TilemapController.hpp">
      <Filter>Scripts</Filter>
    </ClInclude>
    <ClInclude Include="PuntuationHolder.hpp">
      <Filter>Scripts</Filter>
    </ClInclude>
    <ClInclude Include="PointsUI.hpp">
      <Filter>Scripts</Filter>
    </ClInclude>
    <ClInclude Include="BubbleManager.hpp">
      <Filter>Scripts\Managers\Bubbles</Filter>
    </ClInclude>
    <ClInclude Include="Bubble.hpp">
      <Filter>Scripts\Managers\Bubbles</Filter>
    </ClInclude>
    <ClInclude Include="EnemyManager.hpp">
      <Filter>Scripts\Managers\Enemies</Filter>
    </ClInclude>
    <ClInclude Include="Enemy.hpp">
      <Filter>Scripts\Managers\Enemies</Filter>
    </ClInclude>
    <ClInclude Include="Maita.hpp">
      <Filter>Scripts\Managers\Enemies</Filter>
    </ClInclude>
    <ClInclude Include="ZenChan.hpp">
      <Filter>Scripts\Managers\Enemies</Filter>
    </ClInclude>
    <ClInclude Include="Fruit.hpp">
      <Filter>Scripts\Managers\Objects</Filter>
    </ClInclude>
    <ClInclude Include="Object.hpp">
      <Filter>Scripts\Managers\Objects</Filter>
    </ClInclude>
    <ClInclude Include="ObjectsManager.hpp">
      <Filter>Scripts\Managers\Objects</Filter>
    </ClInclude>
    <ClInclude Include="LevelManager.hpp">
      <Filter>Scripts\Managers\Levels</Filter>
    </ClInclude>
    <ClInclude Include="Level.hpp">
      <Filter>Scripts\Managers\Levels</Filter>
    </ClInclude>
    <ClInclude Include="PointsParticlesManager.hpp">
      <Filter>Scripts\Managers\PointsParticles</Filter>
    </ClInclude>
    <ClInclude Include="PointParticle.hpp">
      <Filter>Scripts\Managers\PointsParticles</Filter>
    </ClInclude>
  </ItemGroup>
  <ItemGroup>
    <Filter Include="Scripts">
      <UniqueIdentifier>{04011948-0595-4d73-ae98-6adf731f778a}</UniqueIdentifier>
    </Filter>
    <Filter Include="RayLib">
      <UniqueIdentifier>{a80f7bc5-74c6-461a-aa09-d14392996b22}</UniqueIdentifier>
    </Filter>
    <Filter Include="Scripts\Configurations">
      <UniqueIdentifier>{d5b050ef-5508-4e1f-a02a-9f2999ef0031}</UniqueIdentifier>
    </Filter>
    <Filter Include="Scripts\Analysis">
      <UniqueIdentifier>{ce9b0acd-2990-4aca-b94c-738d1589f7ba}</UniqueIdentifier>
    </Filter>
    <Filter Include="Scripts\Basic">
      <UniqueIdentifier>{4d38662e-d017-41b7-81e7-329c3e740878}</UniqueIdentifier>
    </Filter>
    <Filter Include="Scripts\Managers">
      <UniqueIdentifier>{13027dd5-95b0-470a-9015-560753573e60}</UniqueIdentifier>
    </Filter>
    <Filter Include="Scripts\Managers\Bubbles">
      <UniqueIdentifier>{33235b73-3f02-4aeb-927a-e64c1c647da1}</UniqueIdentifier>
    </Filter>
    <Filter Include="Scripts\Managers\Enemies">
      <UniqueIdentifier>{c45fb391-752e-41df-b148-feb8ded257bd}</UniqueIdentifier>
    </Filter>
    <Filter Include="Scripts\Managers\Objects">
      <UniqueIdentifier>{87eba450-16bf-4e84-8b84-fe9c46a0ba5e}</UniqueIdentifier>
    </Filter>
    <Filter Include="Scripts\Managers\Levels">
      <UniqueIdentifier>{b3874cc7-1d66-4e71-b6ab-7b2bd1d57ca3}</UniqueIdentifier>
    </Filter>
    <Filter Include="Scripts\Managers\PointsParticles">
      <UniqueIdentifier>{8c025b03-3bbf-4d48-8744-e276f4c8f72c}</UniqueIdentifier>
    </Filter>
  </ItemGroup>
  <ItemGroup>
    <ClCompile Include="Entity.cpp">
      <Filter>Scripts\Basic</Filter>
    </ClCompile>
    <ClCompile Include="main.cpp">
      <Filter>Scripts\Basic</Filter>
    </ClCompile>
    <ClCompile Include="GameController.cpp">
      <Filter>Scripts</Filter>
    </ClCompile>
    <ClCompile Include="Renderer.cpp">
      <Filter>Scripts\Basic</Filter>
    </ClCompile>
    <ClCompile Include="TextureRenderer.cpp">
      <Filter>Scripts\Basic</Filter>
    </ClCompile>
    <ClCompile Include="TextureManager.cpp">
      <Filter>Scripts\Managers</Filter>
    </ClCompile>
    <ClCompile Include="AudioManager.cpp">
      <Filter>Scripts\Managers</Filter>
    </ClCompile>
    <ClCompile Include="Player.cpp">
      <Filter>Scripts</Filter>
    </ClCompile>
    <ClCompile Include="TilemapController.cpp">
      <Filter>Scripts</Filter>
    </ClCompile>
    <ClCompile Include="PointsUI.cpp">
      <Filter>Scripts</Filter>
    </ClCompile>
    <ClCompile Include="PuntuationHolder.cpp">
      <Filter>Scripts</Filter>
    </ClCompile>
    <ClCompile Include="BubbleManager.cpp">
      <Filter>Scripts\Managers\Bubbles</Filter>
    </ClCompile>
    <ClCompile Include="Bubble.cpp">
      <Filter>Scripts\Managers\Bubbles</Filter>
    </ClCompile>
    <ClCompile Include="EnemyManager.cpp">
      <Filter>Scripts\Managers\Enemies</Filter>
    </ClCompile>
    <ClCompile Include="Enemy.cpp">
      <Filter>Scripts\Managers\Enemies</Filter>
    </ClCompile>
    <ClCompile Include="Maita.cpp">
      <Filter>Scripts\Managers\Enemies</Filter>
    </ClCompile>
    <ClCompile Include="ZenChan.cpp">
      <Filter>Scripts\Managers\Enemies</Filter>
    </ClCompile>
    <ClCompile Include="Fruit.cpp">
      <Filter>Scripts\Managers\Objects</Filter>
    </ClCompile>
    <ClCompile Include="Object.cpp">
      <Filter>Scripts\Managers\Objects</Filter>
    </ClCompile>
    <ClCompile Include="ObjectsManager.cpp">
      <Filter>Scripts\Managers\Objects</Filter>
    </ClCompile>
    <ClCompile Include="LevelManager.cpp">
      <Filter>Scripts\Managers\Levels</Filter>
    </ClCompile>
    <ClCompile Include="Level.cpp">
      <Filter>Scripts\Managers\Levels</Filter>
    </ClCompile>
    <ClCompile Include="PointsParticlesManager.cpp">
      <Filter>Scripts\Managers\PointsParticles</Filter>
    </ClCompile>
    <ClCompile Include="PointParticle.cpp">
      <Filter>Scripts\Managers\PointsParticles</Filter>
    </ClCompile>
  </ItemGroup>
</Project>